
Microsoft Visual Studio Solution File, Format Version 12.00
# Visual Studio 14
VisualStudioVersion = 14.0.25420.1
MinimumVisualStudioVersion = 10.0.40219.1
Project("{FAE04EC0-301F-11D3-BF4B-00C04F79EFBC}") = "SnailDev.EscPosParser", "SnailDev.EscPosParser\SnailDev.EscPosParser.csproj", "{DB7D81EB-BFC8-4432-983F-02BBCFB21568}"
EndProject
Project("{FAE04EC0-301F-11D3-BF4B-00C04F79EFBC}") = "SnailDev.EscPosParser.Example", "SnailDev.EscPosParser.Example\SnailDev.EscPosParser.Example.csproj", "{F31235F1-73ED-4665-AF55-B1697CA2A292}"
EndProject
Project("{FAE04EC0-301F-11D3-BF4B-00C04F79EFBC}") = "SnailDev.EscPosParser.Tests", "SnailDev.EscPosParser.Tests\SnailDev.EscPosParser.Tests.csproj", "{AE014E54-9DC2-44D3-9A34-D6F326E02399}"
EndProject
Global
	GlobalSection(SolutionConfigurationPlatforms) = preSolution
		Debug|Any CPU = Debug|Any CPU
		Release|Any CPU = Release|Any CPU
	EndGlobalSection
	GlobalSection(ProjectConfigurationPlatforms) = postSolution
		{DB7D81EB-BFC8-4432-983F-02BBCFB21568}.Debug|Any CPU.ActiveCfg = Debug|Any CPU
		{DB7D81EB-BFC8-4432-983F-02BBCFB21568}.Debug|Any CPU.Build.0 = Debug|Any CPU
		{DB7D81EB-BFC8-4432-983F-02BBCFB21568}.Release|Any CPU.ActiveCfg = Release|Any CPU
		{DB7D81EB-BFC8-4432-983F-02BBCFB21568}.Release|Any CPU.Build.0 = Release|Any CPU
		{F31235F1-73ED-4665-AF55-B1697CA2A292}.Debug|Any CPU.ActiveCfg = Debug|Any CPU
		{F31235F1-73ED-4665-AF55-B1697CA2A292}.Debug|Any CPU.Build.0 = Debug|Any CPU
		{F31235F1-73ED-4665-AF55-B1697CA2A292}.Release|Any CPU.ActiveCfg = Release|Any CPU
		{F31235F1-73ED-4665-AF55-B1697CA2A292}.Release|Any CPU.Build.0 = Release|Any CPU
		{AE014E54-9DC2-44D3-9A34-D6F326E02399}.Debug|Any CPU.ActiveCfg = Debug|Any CPU
		{AE014E54-9DC2-44D3-9A34-D6F326E02399}.Debug|Any CPU.Build.0 = Debug|Any CPU
		{AE014E54-9DC2-44D3-9A34-D6F326E02399}.Release|Any CPU.ActiveCfg = Release|Any CPU
		{AE014E54-9DC2-44D3-9A34-D6F326E02399}.Release|Any CPU.Build.0 = Release|Any CPU
	EndGlobalSection
	GlobalSection(SolutionProperties) = preSolution
		HideSolutionNode = FALSE
	EndGlobalSection
EndGlobal
